{
  "name": "stockview",
  "version": "1.0.0",
  "lockfileVersion": 3,
  "requires": true,
  "packages": {
    "": {
      "name": "stockview",
      "version": "1.0.0",
      "dependencies": {
        "stock-sdk": "^2.4.4"
      }
    },
    "node_modules/stock-sdk": {
      "version": "2.4.4",
      "resolved": "https://registry.npmmirror.com/stock-sdk/-/stock-sdk-2.4.4.tgz",
      "integrity": "sha512-r0z4+xOrcZd088IGYhOYgSeJXkGiWkPAZIWYhP3J8XRUCt/vKLrUtaqaMAsRCP3AJUX4XVfjGarYqqQrrSqvow==",
      "license": "ISC",
      "bin": {
        "stock-sdk": "dist/cli.js"
      },
      "engines": {
        "node": ">=18.0.0"
      }
    }
  }
}
